
Microsoft Visual Studio Solution File, Format Version 12.00
# Visual Studio Version 17
VisualStudioVersion = 17.5.33516.290
MinimumVisualStudioVersion = 10.0.40219.1
Project("{FAE04EC0-301F-11D3-BF4B-00C04F79EFBC}") = "MieiCibiPreferiti", "MieiCibiPreferiti\MieiCibiPreferiti.csproj", "{30062D4E-A3F5-4A5E-B8B2-CBE21672196B}"
EndProject
Global
	GlobalSection(SolutionConfigurationPlatforms) = preSolution
		Debug|Any CPU = Debug|Any CPU
		Release|Any CPU = Release|Any CPU
	EndGlobalSection
	GlobalSection(ProjectConfigurationPlatforms) = postSolution
		{30062D4E-A3F5-4A5E-B8B2-CBE21672196B}.Debug|Any CPU.ActiveCfg = Debug|Any CPU
		{30062D4E-A3F5-4A5E-B8B2-CBE21672196B}.Debug|Any CPU.Build.0 = Debug|Any CPU
		{30062D4E-A3F5-4A5E-B8B2-CBE21672196B}.Release|Any CPU.ActiveCfg = Release|Any CPU
		{30062D4E-A3F5-4A5E-B8B2-CBE21672196B}.Release|Any CPU.Build.0 = Release|Any CPU
	EndGlobalSection
	GlobalSection(SolutionProperties) = preSolution
		HideSolutionNode = FALSE
	EndGlobalSection
	GlobalSection(ExtensibilityGlobals) = postSolution
		SolutionGuid = {975679CA-C545-48A0-8F7A-386FB7915ECB}
	EndGlobalSection
EndGlobal
